
Microsoft Visual Studio Solution File, Format Version 12.00
# Visual Studio Version 17
VisualStudioVersion = 17.0.31903.59
MinimumVisualStudioVersion = 10.0.40219.1
Project("{2150E333-8FDC-42A3-9474-1A3956D46DE8}") = "Build", "Build", "{43F96C3B-0786-44D2-982C-0DDA6997412C}"
EndProject
Project("{2150E333-8FDC-42A3-9474-1A3956D46DE8}") = "Targets", "Targets", "{26DA7C2F-0793-4028-8DEA-4CE0393EA2F4}"
	ProjectSection(SolutionItems) = preProject
		..\BuildTargets\BuildPaths.props = ..\BuildTargets\BuildPaths.props
		..\BuildTargets\Cleanup.targets = ..\BuildTargets\Cleanup.targets
		..\BuildTargets\CompileOptions.targets = ..\BuildTargets\CompileOptions.targets
		..\BuildTargets\PackageInfo.props = ..\BuildTargets\PackageInfo.props
		..\BuildTargets\PackageVersion.props = ..\BuildTargets\PackageVersion.props
	EndProjectSection
EndProject
Project("{2150E333-8FDC-42A3-9474-1A3956D46DE8}") = "Solution Items", "Solution Items", "{3DEACF37-863F-486A-9E5B-07D5F6DAFD20}"
	ProjectSection(SolutionItems) = preProject
		..\LICENSE = ..\LICENSE
		..\README.md = ..\README.md
	EndProjectSection
EndProject
Project("{2150E333-8FDC-42A3-9474-1A3956D46DE8}") = "src", "src", "{68068A3F-7032-445B-89AC-493653B0F532}"
	ProjectSection(SolutionItems) = preProject
		Directory.Build.props = Directory.Build.props
		Directory.Build.targets = Directory.Build.targets
	EndProjectSection
EndProject
Project("{2150E333-8FDC-42A3-9474-1A3956D46DE8}") = "docs", "docs", "{3AD0A7C7-0585-48B7-8789-B882F2440368}"
	ProjectSection(SolutionItems) = preProject
		..\docs\docfx.json = ..\docs\docfx.json
		..\docs\index.md = ..\docs\index.md
		..\docs\toc.yml = ..\docs\toc.yml
	EndProjectSection
EndProject
Project("{2150E333-8FDC-42A3-9474-1A3956D46DE8}") = "api", "api", "{DE95E892-8950-4C38-A167-81E266989774}"
	ProjectSection(SolutionItems) = preProject
		..\docs\api\index.md = ..\docs\api\index.md
	EndProjectSection
EndProject
Project("{2150E333-8FDC-42A3-9474-1A3956D46DE8}") = "articles", "articles", "{84D595C8-C95C-4D86-A03E-1EDC8354795F}"
	ProjectSection(SolutionItems) = preProject
		..\docs\articles\intro.md = ..\docs\articles\intro.md
		..\docs\articles\toc.yml = ..\docs\articles\toc.yml
	EndProjectSection
EndProject
Project("{2150E333-8FDC-42A3-9474-1A3956D46DE8}") = "Core", "Core", "{FB335C01-305B-4D36-94FA-DEF3FC99B4E9}"
EndProject
Project("{2150E333-8FDC-42A3-9474-1A3956D46DE8}") = "CI", "CI", "{3469335D-5E43-4E69-9925-6655FB3BD1F2}"
EndProject
Project("{2150E333-8FDC-42A3-9474-1A3956D46DE8}") = "Github", "Github", "{4B761973-3A72-4025-9D37-953C2D2FF5B0}"
	ProjectSection(SolutionItems) = preProject
		..\.github\workflows\build.yml = ..\.github\workflows\build.yml
		..\.github\workflows\publish.yml = ..\.github\workflows\publish.yml
	EndProjectSection
EndProject
Project("{2150E333-8FDC-42A3-9474-1A3956D46DE8}") = "Platform", "Platform", "{263E7DD9-7B38-4308-8473-4C9A842663B9}"
EndProject
Project("{9A19103F-16F7-4668-BE54-9A1E7A4F7556}") = "Proteus", "Core\Proteus\Proteus.csproj", "{C6CBCFC1-5D77-4328-8F10-884D7465E7FE}"
EndProject
Project("{9A19103F-16F7-4668-BE54-9A1E7A4F7556}") = "Proteus.ServicePool", "Core\Proteus.ServicePool\Proteus.ServicePool.csproj", "{EECD3C56-9533-4151-ACD5-D014C38B59E2}"
EndProject
Project("{2150E333-8FDC-42A3-9474-1A3956D46DE8}") = "Data", "Data", "{F2A4C060-66ED-4DFD-B81D-B0FF4D973D05}"
EndProject
Project("{9A19103F-16F7-4668-BE54-9A1E7A4F7556}") = "Proteus.Wpf", "Platform\Proteus.Wpf\Proteus.Wpf.csproj", "{AF7A72F9-B23B-4AB6-A975-A0B5C2E65E89}"
EndProject
Project("{9A19103F-16F7-4668-BE54-9A1E7A4F7556}") = "Proteus.ServicePool.Ef", "Data\Proteus.ServicePool.Ef\Proteus.ServicePool.Ef.csproj", "{474B5D96-A2E9-4FC4-BE38-CF8CA185C156}"
EndProject
Project("{9A19103F-16F7-4668-BE54-9A1E7A4F7556}") = "Proteus.ServicePool.Sql", "Data\Proteus.ServicePool.Sql\Proteus.ServicePool.Sql.csproj", "{7555664F-DBD0-403D-991F-8534094A5734}"
EndProject
Project("{2150E333-8FDC-42A3-9474-1A3956D46DE8}") = "Client", "Client", "{79114C5E-2419-4D89-99A5-BC962F46A5B6}"
EndProject
Project("{9A19103F-16F7-4668-BE54-9A1E7A4F7556}") = "ProteusDemo", "Client\ProteusDemo\ProteusDemo\ProteusDemo.csproj", "{586C7D25-4FDB-4AE0-8EB8-AF50A869BD78}"
EndProject
Project("{9A19103F-16F7-4668-BE54-9A1E7A4F7556}") = "ProteusDemo.Wpf", "Client\ProteusDemo\ProteusDemo.Wpf\ProteusDemo.Wpf.csproj", "{4ED3439F-2DF2-4B98-94F6-9B6159B5D85A}"
EndProject
Global
	GlobalSection(SolutionConfigurationPlatforms) = preSolution
		Debug|Any CPU = Debug|Any CPU
		Release|Any CPU = Release|Any CPU
	EndGlobalSection
	GlobalSection(ProjectConfigurationPlatforms) = postSolution
		{C6CBCFC1-5D77-4328-8F10-884D7465E7FE}.Debug|Any CPU.ActiveCfg = Debug|Any CPU
		{C6CBCFC1-5D77-4328-8F10-884D7465E7FE}.Debug|Any CPU.Build.0 = Debug|Any CPU
		{C6CBCFC1-5D77-4328-8F10-884D7465E7FE}.Release|Any CPU.ActiveCfg = Release|Any CPU
		{C6CBCFC1-5D77-4328-8F10-884D7465E7FE}.Release|Any CPU.Build.0 = Release|Any CPU
		{EECD3C56-9533-4151-ACD5-D014C38B59E2}.Debug|Any CPU.ActiveCfg = Debug|Any CPU
		{EECD3C56-9533-4151-ACD5-D014C38B59E2}.Debug|Any CPU.Build.0 = Debug|Any CPU
		{EECD3C56-9533-4151-ACD5-D014C38B59E2}.Release|Any CPU.ActiveCfg = Release|Any CPU
		{EECD3C56-9533-4151-ACD5-D014C38B59E2}.Release|Any CPU.Build.0 = Release|Any CPU
		{AF7A72F9-B23B-4AB6-A975-A0B5C2E65E89}.Debug|Any CPU.ActiveCfg = Debug|Any CPU
		{AF7A72F9-B23B-4AB6-A975-A0B5C2E65E89}.Debug|Any CPU.Build.0 = Debug|Any CPU
		{AF7A72F9-B23B-4AB6-A975-A0B5C2E65E89}.Release|Any CPU.ActiveCfg = Release|Any CPU
		{AF7A72F9-B23B-4AB6-A975-A0B5C2E65E89}.Release|Any CPU.Build.0 = Release|Any CPU
		{474B5D96-A2E9-4FC4-BE38-CF8CA185C156}.Debug|Any CPU.ActiveCfg = Debug|Any CPU
		{474B5D96-A2E9-4FC4-BE38-CF8CA185C156}.Debug|Any CPU.Build.0 = Debug|Any CPU
		{474B5D96-A2E9-4FC4-BE38-CF8CA185C156}.Release|Any CPU.ActiveCfg = Release|Any CPU
		{474B5D96-A2E9-4FC4-BE38-CF8CA185C156}.Release|Any CPU.Build.0 = Release|Any CPU
		{7555664F-DBD0-403D-991F-8534094A5734}.Debug|Any CPU.ActiveCfg = Debug|Any CPU
		{7555664F-DBD0-403D-991F-8534094A5734}.Debug|Any CPU.Build.0 = Debug|Any CPU
		{7555664F-DBD0-403D-991F-8534094A5734}.Release|Any CPU.ActiveCfg = Release|Any CPU
		{7555664F-DBD0-403D-991F-8534094A5734}.Release|Any CPU.Build.0 = Release|Any CPU
		{586C7D25-4FDB-4AE0-8EB8-AF50A869BD78}.Debug|Any CPU.ActiveCfg = Debug|Any CPU
		{586C7D25-4FDB-4AE0-8EB8-AF50A869BD78}.Debug|Any CPU.Build.0 = Debug|Any CPU
		{586C7D25-4FDB-4AE0-8EB8-AF50A869BD78}.Release|Any CPU.ActiveCfg = Release|Any CPU
		{586C7D25-4FDB-4AE0-8EB8-AF50A869BD78}.Release|Any CPU.Build.0 = Release|Any CPU
		{4ED3439F-2DF2-4B98-94F6-9B6159B5D85A}.Debug|Any CPU.ActiveCfg = Debug|Any CPU
		{4ED3439F-2DF2-4B98-94F6-9B6159B5D85A}.Debug|Any CPU.Build.0 = Debug|Any CPU
		{4ED3439F-2DF2-4B98-94F6-9B6159B5D85A}.Release|Any CPU.ActiveCfg = Release|Any CPU
		{4ED3439F-2DF2-4B98-94F6-9B6159B5D85A}.Release|Any CPU.Build.0 = Release|Any CPU
	EndGlobalSection
	GlobalSection(SolutionProperties) = preSolution
		HideSolutionNode = FALSE
	EndGlobalSection
	GlobalSection(NestedProjects) = preSolution
		{43F96C3B-0786-44D2-982C-0DDA6997412C} = {3DEACF37-863F-486A-9E5B-07D5F6DAFD20}
		{26DA7C2F-0793-4028-8DEA-4CE0393EA2F4} = {43F96C3B-0786-44D2-982C-0DDA6997412C}
		{68068A3F-7032-445B-89AC-493653B0F532} = {43F96C3B-0786-44D2-982C-0DDA6997412C}
		{3AD0A7C7-0585-48B7-8789-B882F2440368} = {3DEACF37-863F-486A-9E5B-07D5F6DAFD20}
		{DE95E892-8950-4C38-A167-81E266989774} = {3AD0A7C7-0585-48B7-8789-B882F2440368}
		{84D595C8-C95C-4D86-A03E-1EDC8354795F} = {3AD0A7C7-0585-48B7-8789-B882F2440368}
		{3469335D-5E43-4E69-9925-6655FB3BD1F2} = {3DEACF37-863F-486A-9E5B-07D5F6DAFD20}
		{4B761973-3A72-4025-9D37-953C2D2FF5B0} = {3469335D-5E43-4E69-9925-6655FB3BD1F2}
		{C6CBCFC1-5D77-4328-8F10-884D7465E7FE} = {FB335C01-305B-4D36-94FA-DEF3FC99B4E9}
		{EECD3C56-9533-4151-ACD5-D014C38B59E2} = {FB335C01-305B-4D36-94FA-DEF3FC99B4E9}
		{AF7A72F9-B23B-4AB6-A975-A0B5C2E65E89} = {263E7DD9-7B38-4308-8473-4C9A842663B9}
		{474B5D96-A2E9-4FC4-BE38-CF8CA185C156} = {F2A4C060-66ED-4DFD-B81D-B0FF4D973D05}
		{7555664F-DBD0-403D-991F-8534094A5734} = {F2A4C060-66ED-4DFD-B81D-B0FF4D973D05}
		{586C7D25-4FDB-4AE0-8EB8-AF50A869BD78} = {79114C5E-2419-4D89-99A5-BC962F46A5B6}
		{4ED3439F-2DF2-4B98-94F6-9B6159B5D85A} = {79114C5E-2419-4D89-99A5-BC962F46A5B6}
	EndGlobalSection
	GlobalSection(ExtensibilityGlobals) = postSolution
		SolutionGuid = {8C9D4151-06CD-4360-BF3E-A420FD86250F}
	EndGlobalSection
EndGlobal
